
Microsoft Visual Studio Solution File, Format Version 12.00
# Visual Studio 15
VisualStudioVersion = 15.0.27004.2005
MinimumVisualStudioVersion = 10.0.40219.1
Project("{FAE04EC0-301F-11D3-BF4B-00C04F79EFBC}") = "FormOfTerminal", "FormOfTerminal\FormOfTerminal.csproj", "{FB816287-6BB3-444A-B524-E504AB078D84}"
EndProject
Global
	GlobalSection(SolutionConfigurationPlatforms) = preSolution
		Debug|Any CPU = Debug|Any CPU
		Release|Any CPU = Release|Any CPU
	EndGlobalSection
	GlobalSection(ProjectConfigurationPlatforms) = postSolution
		{FB816287-6BB3-444A-B524-E504AB078D84}.Debug|Any CPU.ActiveCfg = Debug|Any CPU
		{FB816287-6BB3-444A-B524-E504AB078D84}.Debug|Any CPU.Build.0 = Debug|Any CPU
		{FB816287-6BB3-444A-B524-E504AB078D84}.Release|Any CPU.ActiveCfg = Release|Any CPU
		{FB816287-6BB3-444A-B524-E504AB078D84}.Release|Any CPU.Build.0 = Release|Any CPU
	EndGlobalSection
	GlobalSection(SolutionProperties) = preSolution
		HideSolutionNode = FALSE
	EndGlobalSection
	GlobalSection(ExtensibilityGlobals) = postSolution
		SolutionGuid = {842CC253-1C1B-4D49-B7A6-33470F68B522}
	EndGlobalSection
EndGlobal
